{
  "lockfileVersion": 2,
  "configVersion": 1,
  "workspaces": {
    "": {
      "name": "railway-sandbox",
      "dependencies": {
        "discord.js": "^14.27.0",
        "pg": "^8.23.0",
        "railway": "^3.11.0",
      },
      "devDependencies": {
        "@types/bun": "latest",
        "@types/pg": "^8.23.1",
        "pg-mem": "^3.0.14",
      },
      "peerDependencies": {
        "typescript": "^5",
      },
    },
  },
  "packages": {
    "@discordjs/builders": ["@discordjs/builders@1.14.1", "", { "dependencies": { "@discordjs/formatters": "^0.6.2", "@discordjs/util": "^1.2.0", "@sapphire/shapeshift": "^4.0.0", "discord-api-types": "^0.38.40", "fast-deep-equal": "^3.1.3", "ts-mixer": "^6.0.4", "tslib": "^2.6.3" } }, "sha512-gSKkhXLqs96TCzk66VZuHHl8z2bQMJFGwrXC0f33ngK+FLNau4hU1PYny3DNJfNdSH+gVMzE85/d5FQ2BpcNwQ=="],

    "@discordjs/collection": ["@discordjs/collection@1.5.3", "", {}, "sha512-SVb428OMd3WO1paV3rm6tSjM4wC+Kecaa1EUGX7vc6/fddvw/6lg90z4QtCqm21zvVe92vMMDt9+DkIvjXImQQ=="],

    "@discordjs/formatters": ["@discordjs/formatters@0.6.2", "", { "dependencies": { "discord-api-types": "^0.38.33" } }, "sha512-y4UPwWhH6vChKRkGdMB4odasUbHOUwy7KL+OVwF86PvT6QVOwElx+TiI1/6kcmcEe+g5YRXJFiXSXUdabqZOvQ=="],

    "@discordjs/rest": ["@discordjs/rest@2.6.3", "", { "dependencies": { "@discordjs/collection": "^2.1.1", "@discordjs/util": "^1.2.0", "@sapphire/async-queue": "^1.5.3", "@sapphire/snowflake": "^3.5.5", "@vladfrangu/async_event_emitter": "^2.4.6", "discord-api-types": "^0.38.50", "magic-bytes.js": "^1.13.0", "tslib": "^2.6.3", "undici": "^6.27.0" } }, "sha512-wvOylxNYJkwKjctS/Mn5GP1w9r3/rzyH+ThD1JlAca6zEdlHs8QWBBUQJpU5Q+W6DoIj/Ljh1IPlZs7hTU+UAg=="],

    "@discordjs/util": ["@discordjs/util@1.2.0", "", { "dependencies": { "discord-api-types": "^0.38.33" } }, "sha512-3LKP7F2+atl9vJFhaBjn4nOaSWahZ/yWjOvA4e5pnXkt2qyXRCHLxoBQy81GFtLGCq7K9lPm9R517M1U+/90Qg=="],

    "@discordjs/ws": ["@discordjs/ws@1.2.3", "", { "dependencies": { "@discordjs/collection": "^2.1.0", "@discordjs/rest": "^2.5.1", "@discordjs/util": "^1.1.0", "@sapphire/async-queue": "^1.5.2", "@types/ws": "^8.5.10", "@vladfrangu/async_event_emitter": "^2.2.4", "discord-api-types": "^0.38.1", "tslib": "^2.6.2", "ws": "^8.17.0" } }, "sha512-wPlQDxEmlDg5IxhJPuxXr3Vy9AjYq5xCvFWGJyD7w7Np8ZGu+Mc+97LCoEc/+AYCo2IDpKioiH0/c/mj5ZR9Uw=="],

    "@esbuild/aix-ppc64": ["@esbuild/aix-ppc64@0.28.2", "", { "os": "aix", "cpu": "ppc64" }, "sha512-XExcO+dvLKvVtNTibSTBej1NCAbaGhWn9Ww1ZPx80qsahhPFe/8jgWP0IchNe0F3HwkU7n8ejhH8bjonqht8mQ=="],

    "@esbuild/android-arm": ["@esbuild/android-arm@0.28.2", "", { "os": "android", "cpu": "arm" }, "sha512-kXXoiPVVGQcnIYGOeaovwOURpniDBpSq4A03qkQ+BMQqtGG6HYap3xne9C1O1yo4TR3qxlCX5IqqmX6fFo2Lqg=="],

    "@esbuild/android-arm64": ["@esbuild/android-arm64@0.28.2", "", { "os": "android", "cpu": "arm64" }, "sha512-5YfKeeI8qWfBZIX+u2xZC3Zlb3Os/gLS2sbEKM+I4ZOcsWmHS2WLysCcQZDAFRslDUU5Oiq44gf6PYN1vGwG5A=="],

    "@esbuild/android-x64": ["@esbuild/android-x64@0.28.2", "", { "os": "android", "cpu": "x64" }, "sha512-O387ite7SzUyCcy3JQX4P4bLtEA7bLLkx+esve5JHnyYfNTxcVpXZo9jhdB0lTKN44gztELTdU7nS8Nr16Fs1Q=="],

    "@esbuild/darwin-arm64": ["@esbuild/darwin-arm64@0.28.2", "", { "os": "darwin", "cpu": "arm64" }, "sha512-n4KqkOQrraxHJcgjM1RvwbigfQKIKJVpM7xp+KsxiyUSrRdIXnt73VhrPAx0fV44hgfmIVKjxMN9J1t5jySVkw=="],

    "@esbuild/darwin-x64": ["@esbuild/darwin-x64@0.28.2", "", { "os": "darwin", "cpu": "x64" }, "sha512-uq6suIWYP37qzGddBKPw5QEQPi6HiLGsO7UmkpfyaYNQ3D+rN6w6WfwH+nuqcGXWvawGwxOEroO4YGnFh95azw=="],

    "@esbuild/freebsd-arm64": ["@esbuild/freebsd-arm64@0.28.2", "", { "os": "freebsd", "cpu": "arm64" }, "sha512-n+I0BTSRIoy+d6RPKnEVwql5UwBJolytvY4mAOIEJorKlqgPII8ix6slVVrfZ5Tnj7glIZvloylbB/EJPMWEXw=="],

    "@esbuild/freebsd-x64": ["@esbuild/freebsd-x64@0.28.2", "", { "os": "freebsd", "cpu": "x64" }, "sha512-78XJTJkvPs0kz2w61301PJjXl4g7q3JqiYMZ/M/yVI73EHBrCRTgkhu9oqG7vPqq+a/yadEW8aD+agKlk5xrmg=="],

    "@esbuild/linux-arm": ["@esbuild/linux-arm@0.28.2", "", { "os": "linux", "cpu": "arm" }, "sha512-XlDnu2q5yoqems+xay6wSAcg9DDD7K9RLKZEBOMZm3ckNpJBvOX20tSfby8KfrrhINDyv9V2YVZKY/SpoGJI8w=="],

    "@esbuild/linux-arm64": ["@esbuild/linux-arm64@0.28.2", "", { "os": "linux", "cpu": "arm64" }, "sha512-pW4AC0P3it8c7do9MVM4p51FzHzdM/TZrerurgRcHJ2WTa1VQ1CIq18xncfpBJw4ojkiZZrKW2yIBWBP92j6Ug=="],

    "@esbuild/linux-ia32": ["@esbuild/linux-ia32@0.28.2", "", { "os": "linux", "cpu": "ia32" }, "sha512-CYbnj78HsIeA+DhgUKgFCfvNsTHFhMMrinUrMZpDXJXKN8T3XViTZ/+wtHeVxEWY8ewSzTFN+nRmSwO2tZaLUQ=="],

    "@esbuild/linux-loong64": ["@esbuild/linux-loong64@0.28.2", "", { "os": "linux", "cpu": "none" }, "sha512-buwkd8nsph4R+ajRvw0qM5Hja/TXQow3ptzWO2EbG/cqcIkHloRrdlBtQlshyYGTNFvfkfJ5tpPLVkY4DtsPfQ=="],

    "@esbuild/linux-mips64el": ["@esbuild/linux-mips64el@0.28.2", "", { "os": "linux", "cpu": "none" }, "sha512-ZVykbDyk7519VwiNb9Lcj9m8XM6v5V9uKPvrEMkkEedVewf+0itkhahp4HDpgERXhwLRpWFypsGbG/J8s0QjJA=="],

    "@esbuild/linux-ppc64": ["@esbuild/linux-ppc64@0.28.2", "", { "os": "linux", "cpu": "ppc64" }, "sha512-CAXl+Dtd9UUuJd8pKKdwh6MLm3MUMiqMPmhZ3tTSXPqfyQ3vDl6R5hZdZ/kYojK4ofXtdfSv1tFq8XzWx3heNQ=="],

    "@esbuild/linux-riscv64": ["@esbuild/linux-riscv64@0.28.2", "", { "os": "linux", "cpu": "none" }, "sha512-GeXCej4IQtU1B+QlDV8W/RRvbzI3O/Stss+/bCXv4lZls5WGRtu2a+3JkA3i4qIUlMXpcHebWpF8AkJhATowuA=="],

    "@esbuild/linux-s390x": ["@esbuild/linux-s390x@0.28.2", "", { "os": "linux", "cpu": "s390x" }, "sha512-3H1weTYZPxt/WOhByszQZybS9w5lKzUn1FDMsgEChbHWQwHYQQRfBxgCcZvPhjHfKyJjIievvMmEUawJrdY9Dg=="],

    "@esbuild/linux-x64": ["@esbuild/linux-x64@0.28.2", "", { "os": "linux", "cpu": "x64" }, "sha512-4xTZr1FUmSoQW4XIWmit3tzQrUTZM+N3P0XV8xROKYF50XfI7xeO90+1bZvNwxIufQ9hDQVRJH5YhgPVF8A/HQ=="],

    "@esbuild/netbsd-arm64": ["@esbuild/netbsd-arm64@0.28.2", "", { "os": "none", "cpu": "arm64" }, "sha512-sSATRjPeDBg3pdgHoQfoYBob11Kk1FGa9lui5RIHZCoCkJa9QKlvl3/vKz2usCmYYjs7ymJR/2Nnsqe+Hjt5nw=="],

    "@esbuild/netbsd-x64": ["@esbuild/netbsd-x64@0.28.2", "", { "os": "none", "cpu": "x64" }, "sha512-lqnzCV+mM0gIADaKihiCg6ifgfU2L3h5E33rNQBN1Y4MaVGnzryzmvvf7UHxprpQdE8hpqLolJ9Rl+SkIRDpyw=="],

    "@esbuild/openbsd-arm64": ["@esbuild/openbsd-arm64@0.28.2", "", { "os": "openbsd", "cpu": "arm64" }, "sha512-AL2qJILH7lNjrDmCQDvdxMfAUIv8KMNZOvrwAQ8i8//ntL9FflhOyMJ8OZSMBb8/AWXe3/5v5S20y3zCoZWKoQ=="],

    "@esbuild/openbsd-x64": ["@esbuild/openbsd-x64@0.28.2", "", { "os": "openbsd", "cpu": "x64" }, "sha512-QtiuPytchRyC4rwUKhexJdQKvDuZ6hWloi3igqPQNUJCS1/v9EiO3UTOXR6A3FoMo4fnAKbWJdqaIwhOzh8qEw=="],

    "@esbuild/openharmony-arm64": ["@esbuild/openharmony-arm64@0.28.2", "", { "os": "none", "cpu": "arm64" }, "sha512-WkhYDmpTjLvGlScA1rwjRUmhl4k8oXR3cIbtqWmELgU/dFeHHlEllxDvdWcNJV9rbzCexB5vz8gtNewWLgCT7Q=="],

    "@esbuild/sunos-x64": ["@esbuild/sunos-x64@0.28.2", "", { "os": "sunos", "cpu": "x64" }, "sha512-GPMSkTOtMnv2U2F8gxe4Io6qmVs+YKyp832Etqqxr0hFngmXQ3rzwytelm3GIn7T4VviRUlf3sOgBOiTdvaf7g=="],

    "@esbuild/win32-arm64": ["@esbuild/win32-arm64@0.28.2", "", { "os": "win32", "cpu": "arm64" }, "sha512-PIhhEkE9uPBleRBrQEJpUn7MBnibZzbGzYWPmY3x+YoVg/95zbjB4CxPPOQ8l5tYYM4mMaCthF8/1DIfBQQyWQ=="],

    "@esbuild/win32-ia32": ["@esbuild/win32-ia32@0.28.2", "", { "os": "win32", "cpu": "ia32" }, "sha512-YmJbfTlvU7Sdn9BB+4PRES4oB6pxgS37MAONj+hBr/cpXS1aBPKXxNnDbu+QCWPj0o9dgyxeq79g6c5P8KeuYA=="],

    "@esbuild/win32-x64": ["@esbuild/win32-x64@0.28.2", "", { "os": "win32", "cpu": "x64" }, "sha512-5ebpxr3nWMzrL/rnUI755Jkuee0bHL/Gq0WTF9lvcpv73wAp5eu8MfBUgWK9bhWvZjj7yX8etf/8tI8Ney695g=="],

    "@graphql-typed-document-node/core": ["@graphql-typed-document-node/core@3.2.0", "", { "peerDependencies": { "graphql": "^0.8.0 || ^0.9.0 || ^0.10.0 || ^0.11.0 || ^0.12.0 || ^0.13.0 || ^14.0.0 || ^15.0.0 || ^16.0.0 || ^17.0.0" } }, "sha512-mB9oAsNCm9aM3/SOv4YtBMqZbYj10R7dkq8byBqxGY/ncFwhf2oQzMV+LCRlWoDSEBJ3COiR1yeDvMtsoOsuFQ=="],

    "@sapphire/async-queue": ["@sapphire/async-queue@1.5.5", "", {}, "sha512-cvGzxbba6sav2zZkH8GPf2oGk9yYoD5qrNWdu9fRehifgnFZJMV+nuy2nON2roRO4yQQ+v7MK/Pktl/HgfsUXg=="],

    "@sapphire/shapeshift": ["@sapphire/shapeshift@4.0.0", "", { "dependencies": { "fast-deep-equal": "^3.1.3", "lodash": "^4.17.21" } }, "sha512-d9dUmWVA7MMiKobL3VpLF8P2aeanRTu6ypG2OIaEv/ZHH/SUQ2iHOVyi5wAPjQ+HmnMuL0whK9ez8I/raWbtIg=="],

    "@sapphire/snowflake": ["@sapphire/snowflake@3.5.5", "", {}, "sha512-xzvBr1Q1c4lCe7i6sRnrofxeO1QTP/LKQ6A6qy0iB4x5yfiSfARMEQEghojzTNALDTcv8En04qYNIco9/K9eZQ=="],

    "@types/bun": ["@types/bun@1.4.2", "", { "dependencies": { "bun-types": "1.4.2" } }, "sha512-GimotNn7+ZV0uVArItBbriZsR1oNf0+WTzPkdcFrzShI7k2norL0uzEaJT8T33dWr7O/c9ZDuAFQrctKCi72oQ=="],

    "@types/node": ["@types/node@26.6.2", "", { "dependencies": { "undici-types": "~8.9.0" } }, "sha512-X1P21scMv4zGKLYqjdGjaKa7COa0RKVYYZZN/NfvLQ1JegxFhdhpZG/Lyn8AXx6CDUavKAd11v6BvfpkDByK8g=="],

    "@types/pg": ["@types/pg@8.23.1", "", { "dependencies": { "@types/node": "*", "pg-protocol": "*", "pg-types": "^2.2.0" } }, "sha512-fKVHpikPdg4GKks3JuLEhvwSyvwzF23hnabPy6DD8ljVbC7+6J5dQzdv4arV6jqq57djnMgs1HKBxX4P8aBI3A=="],

    "@types/ws": ["@types/ws@8.18.1", "", { "dependencies": { "@types/node": "*" } }, "sha512-ThVF6DCVhA8kUGy+aazFQ4kXQ7E1Ty7A3ypFOe0IcJV8O/M511G99AW24irKrW56Wt44yG9+ij8FaqoBGkuBXg=="],

    "@vladfrangu/async_event_emitter": ["@vladfrangu/async_event_emitter@2.4.7", "", {}, "sha512-Xfe6rpCTxSxfbswi/W/Pz7zp1WWSNn4A0eW4mLkQUewCrXXtMj31lCg+iQyTkh/CkusZSq9eDflu7tjEDXUY6g=="],

    "bun-types": ["bun-types@1.4.2", "", { "dependencies": { "@types/node": "*" } }, "sha512-bxV1FgK7yBIzjRe5zBozIM4Bem11ZJcCXSrjWRG3YWLt8yFDePu4cLjpebO8OvPeIE9trbyPF4fuj3Cia4Fj3w=="],

    "call-bind": ["call-bind@1.0.9", "", { "dependencies": { "call-bind-apply-helpers": "^1.0.2", "es-define-property": "^1.0.1", "get-intrinsic": "^1.3.0", "set-function-length": "^1.2.2" } }, "sha512-a/hy+pNsFUTR+Iz8TCJvXudKVLAnz/DyeSUo10I5yvFDQJBFU2s9uqQpoSrJlroHUKoKqzg+epxyP9lqFdzfBQ=="],

    "call-bind-apply-helpers": ["call-bind-apply-helpers@1.0.2", "", { "dependencies": { "es-errors": "^1.3.0", "function-bind": "^1.1.2" } }, "sha512-Sp1ablJ0ivDkSzjcaJdxEunN5/XvksFJ2sMBFfq6x0ryhQV/2b/KwFe21cMpmHtPOSij8K99/wSfoEuTObmuMQ=="],

    "call-bound": ["call-bound@1.0.4", "", { "dependencies": { "call-bind-apply-helpers": "^1.0.2", "get-intrinsic": "^1.3.0" } }, "sha512-+ys997U96po4Kx/ABpBCqhA9EuxJaQWDQg7295H4hBphv3IZg0boBKuwYpt4YXp6MZ5AmZQnU/tyMTlRpaSejg=="],

    "commander": ["commander@2.20.3", "", {}, "sha512-GpVkmM8vF2vQUkj2LvZmD35JxeJOLCwJ9cUkugyk2nuhbv3+mJvpLYYt+0+USMxE+oj+ey/lJEnhZw75x/OMcQ=="],

    "define-data-property": ["define-data-property@1.1.4", "", { "dependencies": { "es-define-property": "^1.0.0", "es-errors": "^1.3.0", "gopd": "^1.0.1" } }, "sha512-rBMvIzlpA8v6E+SJZoo++HAYqsLrkg7MSfIinMPFhmkorw7X+dOXVJQs+QT69zGkzMyfDnIMN2Wid1+NbL3T+A=="],

    "discontinuous-range": ["discontinuous-range@1.0.0", "", {}, "sha512-c68LpLbO+7kP/b1Hr1qs8/BJ09F5khZGTxqxZuhzxpmwJKOgRFHJWIb9/KmqnqHhLdO55aOxFH/EGBvUQbL/RQ=="],

    "discord-api-types": ["discord-api-types@0.38.55", "", {}, "sha512-ytuaRTzdnHUCXJ6KjL9MrItQX0xKncBKEeYI1Bst4+ud47eejH3cG6gaesYakjpPcUhh68XYS2YwGq3mmujFsA=="],

    "discord.js": ["discord.js@14.27.0", "", { "dependencies": { "@discordjs/builders": "^1.14.1", "@discordjs/collection": "1.5.3", "@discordjs/formatters": "^0.6.2", "@discordjs/rest": "^2.6.2", "@discordjs/util": "^1.2.0", "@discordjs/ws": "^1.2.3", "@sapphire/snowflake": "3.5.5", "discord-api-types": "^0.38.49", "fast-deep-equal": "3.1.3", "lodash.snakecase": "4.1.1", "magic-bytes.js": "^1.13.0", "tslib": "^2.6.3", "undici": "^6.27.0" } }, "sha512-qHbFlFG2N7y3LjPySYsL6A1+BnX6bkTVgo842EX0CqVPk/KTMwZkojPHEXKsQUpWZNyz5BISNHK1cPpQw0+m4A=="],

    "dunder-proto": ["dunder-proto@1.0.1", "", { "dependencies": { "call-bind-apply-helpers": "^1.0.1", "es-errors": "^1.3.0", "gopd": "^1.2.0" } }, "sha512-KIN/nDJBQRcXw0MLVhZE9iQHmG68qAVIBg9CqmUYjmQIhgij9U5MFvrqkUL5FbtyyzZuOeOt0zdeRe4UY7ct+A=="],

    "es-define-property": ["es-define-property@1.0.1", "", {}, "sha512-e3nRfgfUZ4rNGL232gUgX06QNyyez04KdjFrF+LTRoOXmrOgFKDg4BCdsjW8EnT69eqdYGmRpJwiPVYNrCaW3g=="],

    "es-errors": ["es-errors@1.3.0", "", {}, "sha512-Zf5H2Kxt2xjTvbJvP2ZWLEICxA6j+hAmMzIlypy4xcBg1vKVnx89Wy0GbS+kf5cwCVFFzdCFh2XSCFNULS6csw=="],

    "es-object-atoms": ["es-object-atoms@1.1.2", "", { "dependencies": { "es-errors": "^1.3.0" } }, "sha512-HWcBoN6NileqtSydK2FqHbS/LoDd2pqrnQHLyJzBj4kOp/ky2MWMN694xOfkK8/SnUsW2DH7EfyVlydKCsm1Zw=="],

    "esbuild": ["esbuild@0.28.2", "", { "optionalDependencies": { "@esbuild/aix-ppc64": "0.28.2", "@esbuild/android-arm": "0.28.2", "@esbuild/android-arm64": "0.28.2", "@esbuild/android-x64": "0.28.2", "@esbuild/darwin-arm64": "0.28.2", "@esbuild/darwin-x64": "0.28.2", "@esbuild/freebsd-arm64": "0.28.2", "@esbuild/freebsd-x64": "0.28.2", "@esbuild/linux-arm": "0.28.2", "@esbuild/linux-arm64": "0.28.2", "@esbuild/linux-ia32": "0.28.2", "@esbuild/linux-loong64": "0.28.2", "@esbuild/linux-mips64el": "0.28.2", "@esbuild/linux-ppc64": "0.28.2", "@esbuild/linux-riscv64": "0.28.2", "@esbuild/linux-s390x": "0.28.2", "@esbuild/linux-x64": "0.28.2", "@esbuild/netbsd-arm64": "0.28.2", "@esbuild/netbsd-x64": "0.28.2", "@esbuild/openbsd-arm64": "0.28.2", "@esbuild/openbsd-x64": "0.28.2", "@esbuild/openharmony-arm64": "0.28.2", "@esbuild/sunos-x64": "0.28.2", "@esbuild/win32-arm64": "0.28.2", "@esbuild/win32-ia32": "0.28.2", "@esbuild/win32-x64": "0.28.2" }, "bin": { "esbuild": "bin/esbuild" } }, "sha512-HKVLS8dvII+xoKW9kmqxbRKrnWEXfJJr/FZhhJmiqIB0e053QNYFqOBouTMO/k5sID4MvCiUCvv8b9M4h32wIA=="],

    "fast-deep-equal": ["fast-deep-equal@3.1.3", "", {}, "sha512-f3qQ9oQy9j2AhBe/H9VC91wLmKBCCU/gDOnKNAYG5hswO7BLKj09Hc5HYNz9cGI++xlpDCIgDaitVs03ATR84Q=="],

    "fsevents": ["fsevents@2.3.3", "", { "os": "darwin" }, "sha512-5xoDfX+fL7faATnagmWPpbFtwh/R77WmMMqqHGS65C3vvB0YHrgF+B1YmZ3441tMj5n63k0212XNoJwzlhffQw=="],

    "function-bind": ["function-bind@1.1.2", "", {}, "sha512-7XHNxH7qX9xG5mIwxkhumTox/MIRNcOgDrxWsMt2pAr23WHp6MrRlN7FBSFpCpr+oVO0F744iUgR82nJMfG2SA=="],

    "functional-red-black-tree": ["functional-red-black-tree@1.0.1", "", {}, "sha512-dsKNQNdj6xA3T+QlADDA7mOSlX0qiMINjn0cgr+eGHGsbSHzTabcIogz2+p/iqP1Xs6EP/sS2SbqH+brGTbq0g=="],

    "get-intrinsic": ["get-intrinsic@1.3.0", "", { "dependencies": { "call-bind-apply-helpers": "^1.0.2", "es-define-property": "^1.0.1", "es-errors": "^1.3.0", "es-object-atoms": "^1.1.1", "function-bind": "^1.1.2", "get-proto": "^1.0.1", "gopd": "^1.2.0", "has-symbols": "^1.1.0", "hasown": "^2.0.2", "math-intrinsics": "^1.1.0" } }, "sha512-9fSjSaos/fRIVIp+xSJlE6lfwhES7LNtKaCBIamHsjr2na1BiABJPo0mOjjz8GJDURarmCPGqaiVg5mfjb98CQ=="],

    "get-proto": ["get-proto@1.0.1", "", { "dependencies": { "dunder-proto": "^1.0.1", "es-object-atoms": "^1.0.0" } }, "sha512-sTSfBjoXBp89JvIKIefqw7U2CCebsc74kiY6awiGogKtoSGbgjYE/G/+l9sF3MWFPNc9IcoOC4ODfKHfxFmp0g=="],

    "gopd": ["gopd@1.2.0", "", {}, "sha512-ZUKRh6/kUFoAiTAtTYPZJ3hw9wNxx+BIBOijnlG9PnrJsCcSjs1wyyD6vJpaYtgnzDrKYRSqf3OO6Rfa93xsRg=="],

    "graphql": ["graphql@16.14.2", "", {}, "sha512-Chq1s4CY7jmh8gO2qvLIJyfCDIN+EHLFW/9iShnp1z8FjBQMoodWP1kDC36VAMXXIvAjj4ARa7ntfAV2BrjsbA=="],

    "has-property-descriptors": ["has-property-descriptors@1.0.2", "", { "dependencies": { "es-define-property": "^1.0.0" } }, "sha512-55JNKuIW+vq4Ke1BjOTjM2YctQIvCT7GFzHwmfZPGo5wnrgkid0YQtnAleFSqumZm4az3n2BS+erby5ipJdgrg=="],

    "has-symbols": ["has-symbols@1.1.0", "", {}, "sha512-1cDNdwJ2Jaohmb3sg4OmKaMBwuC48sYni5HUw2DvsC8LjGTLK9h+eb1X6RyuOHe4hT0ULCW68iomhjUoKUqlPQ=="],

    "hasown": ["hasown@2.0.4", "", { "dependencies": { "function-bind": "^1.1.2" } }, "sha512-T2UbfbBEF32wiepXIsMlTW9+dDYC6wMh/t/vYA4tuOMKqWz/n3vr1NFSxQiyP+zk2mXsoMA/i/7qV6LKut1t1A=="],

    "immutable": ["immutable@4.3.9", "", {}, "sha512-ObHy4YN7ycwZOUCLI1/6svfyAFu7vL8RhAvVu/bh/RZW9EPlOyDaQ9jDQWCtdqzaXUjgXZCW1migtHE7YI7UGQ=="],

    "isarray": ["isarray@2.0.5", "", {}, "sha512-xHjhDr3cNBK0BzdUJSPXZntQUx/mwMS5Rw4A7lPJ90XGAO6ISP/ePDNuo0vhqOZU+UD5JoodwCAAoZQd3FeAKw=="],

    "json-stable-stringify": ["json-stable-stringify@1.3.0", "", { "dependencies": { "call-bind": "^1.0.8", "call-bound": "^1.0.4", "isarray": "^2.0.5", "jsonify": "^0.0.1", "object-keys": "^1.1.1" } }, "sha512-qtYiSSFlwot9XHtF9bD9c7rwKjr+RecWT//ZnPvSmEjpV5mmPOCN4j8UjY5hbjNkOwZ/jQv3J6R1/pL7RwgMsg=="],

    "jsonify": ["jsonify@0.0.1", "", {}, "sha512-2/Ki0GcmuqSrgFyelQq9M05y7PS0mEwuIzrf3f1fPqkVDVRvZrPZtVSMHxdgo8Aq0sxAOb/cr2aqqA3LeWHVPg=="],

    "lodash": ["lodash@4.18.1", "", {}, "sha512-dMInicTPVE8d1e5otfwmmjlxkZoUpiVLwyeTdUsi/Caj/gfzzblBcCE5sRHV/AsjuCmxWrte2TNGSYuCeCq+0Q=="],

    "lodash.snakecase": ["lodash.snakecase@4.1.1", "", {}, "sha512-QZ1d4xoBHYUeuouhEq3lk3Uq7ldgyFXGBhg04+oRLnIz8o9T65Eh+8YdroUwn846zchkA9yDsDl5CVVaV2nqYw=="],

    "lru-cache": ["lru-cache@6.0.0", "", { "dependencies": { "yallist": "^4.0.0" } }, "sha512-Jo6dJ04CmSjuznwJSS3pUeWmd/H0ffTlkXXgwZi+eq1UCmqQwCh+eLsYOYCwY991i2Fah4h1BEMCx4qThGbsiA=="],

    "magic-bytes.js": ["magic-bytes.js@1.13.1", "", {}, "sha512-x5sn4UX2k5gCWlcfmoFwG4TPie8+dctESyqOBdhB5p6MsgWXdBKGmt9nXPObj/JI50TTL928lc5Yt1WntMn1bw=="],

    "math-intrinsics": ["math-intrinsics@1.1.0", "", {}, "sha512-/IXtbwEk5HTPyEwyKX6hGkYXxM9nbj64B+ilVJnC/R6B0pH5G4V3b0pVbL7DBj4tkhBAppbQUlf6F6Xl9LHu1g=="],

    "moment": ["moment@2.31.0", "", {}, "sha512-0acOTfMiWOheYS4eoWb80yYMb/JLvVv9SHbs2PehaDzfUG0Bw855SKyk0IKTnPGa5+U2bmi3W68l1+sGLX/pvw=="],

    "moo": ["moo@0.5.3", "", {}, "sha512-m2fmM2dDm7GZQsY7KK2cme8agi+AAljILjQnof7p1ZMDe6dQ4bdnSMx0cPppudoeNv5hEFQirN6u+O4fDE0IWA=="],

    "nearley": ["nearley@2.20.1", "", { "dependencies": { "commander": "^2.19.0", "moo": "^0.5.0", "railroad-diagrams": "^1.0.0", "randexp": "0.4.6" }, "bin": { "nearleyc": "bin/nearleyc.js", "nearley-test": "bin/nearley-test.js", "nearley-unparse": "bin/nearley-unparse.js", "nearley-railroad": "bin/nearley-railroad.js" } }, "sha512-+Mc8UaAebFzgV+KpI5n7DasuuQCHA89dmwm7JXw3TV43ukfNQ9DnBH3Mdb2g/I4Fdxc26pwimBWvjIw0UAILSQ=="],

    "object-hash": ["object-hash@2.2.0", "", {}, "sha512-gScRMn0bS5fH+IuwyIFgnh9zBdo4DV+6GhygmWM9HyNJSgS0hScp1f5vjtm7oIIOiT9trXrShAkLFSc2IqKNgw=="],

    "object-keys": ["object-keys@1.1.1", "", {}, "sha512-NuAESUOUMrlIXOfHKzD6bpPu3tYt3xvjNdRIQ+FeT0lNb4K8WR70CaDxhuNguS2XG+GjkyMwOzsN5ZktImfhLA=="],

    "pg": ["pg@8.23.0", "", { "dependencies": { "pg-connection-string": "^2.14.0", "pg-pool": "^3.14.0", "pg-protocol": "^1.16.0", "pg-types": "2.2.0", "pgpass": "1.0.5" }, "optionalDependencies": { "pg-cloudflare": "^1.4.0" }, "peerDependencies": { "pg-native": ">=3.0.1" }, "optionalPeers": ["pg-native"] }, "sha512-Ip2EQCngowJLGOfCwkFhPXU7/ljlhn6Rxlmy4XYfL2Y+vyRM59+8uR2xqRWKdYmbXmxCFOAmKxBuSUCdF34qLg=="],

    "pg-cloudflare": ["pg-cloudflare@1.4.0", "", {}, "sha512-Vo7z/6rrQYxpNRylp4Tlob2elzbh+N/MOQbxFVWCxS7oEx6jF53GTJFxK2WWpKuBRkmiin4Mt+xofFDjx09R0A=="],

    "pg-connection-string": ["pg-connection-string@2.14.0", "", {}, "sha512-XwWDGcLRGCXAR8F/AM5bG7Q+A3Wm2s6QeEjlOKZLlH3UYcguiqCWKyWXVag5TLTIjR7oOJUY8kcADaZgWPyLeg=="],

    "pg-int8": ["pg-int8@1.0.1", "", {}, "sha512-WCtabS6t3c8SkpDBUlb1kjOs7l66xsGdKpIPZsg4wR+B3+u9UAum2odSsF9tnvxg80h4ZxLWMy4pRjOsFIqQpw=="],

    "pg-mem": ["pg-mem@3.0.14", "", { "dependencies": { "functional-red-black-tree": "^1.0.1", "immutable": "^4.3.4", "json-stable-stringify": "^1.0.1", "lru-cache": "^6.0.0", "moment": "^2.27.0", "object-hash": "^2.0.3", "pgsql-ast-parser": "^12.0.2" }, "peerDependencies": { "@mikro-orm/core": ">=4.5.3", "@mikro-orm/postgresql": ">=4.5.3", "knex": ">=0.20", "kysely": ">=0.26", "mikro-orm": "*", "pg-promise": ">=10.8.7", "pg-server": "^0.1.5", "postgres": "^3.4.4", "slonik": ">=23.0.1", "typeorm": ">=0.2.29" }, "optionalPeers": ["@mikro-orm/core", "@mikro-orm/postgresql", "knex", "kysely", "mikro-orm", "pg-promise", "pg-server", "postgres", "slonik", "typeorm"] }, "sha512-G9m8OD0A+YS083smidSUJddTX2dEDPT8mRMG3sQGNiGfS/mkvAgd9Kf1/onD5633bFN7HcQK/Tn2x7qjBMFRUQ=="],

    "pg-pool": ["pg-pool@3.14.0", "", { "peerDependencies": { "pg": ">=8.0" } }, "sha512-gKtPkFdQPU3DksooVLi9LsjZxrsBUZIpa+7aVx+LV5pNh0KzP4Zleud2po+ConrxbuXGBJ6Hfer6hdgpIBpBaw=="],

    "pg-protocol": ["pg-protocol@1.16.0", "", {}, "sha512-sILXutLVjCLjcDuOmvhX5e2Z4cS5qG/6Bu3VkpFwdf/633ElGLpEh9bgmuI5I4sqKqkifQiGyiCcx1HdtrK7tg=="],

    "pg-types": ["pg-types@2.2.0", "", { "dependencies": { "pg-int8": "1.0.1", "postgres-array": "~2.0.0", "postgres-bytea": "~1.0.0", "postgres-date": "~1.0.4", "postgres-interval": "^1.1.0" } }, "sha512-qTAAlrEsl8s4OiEQY69wDvcMIdQN6wdz5ojQiOy6YRMuynxenON0O5oCpJI6lshc6scgAY8qvJ2On/p+CXY0GA=="],

    "pgpass": ["pgpass@1.0.5", "", { "dependencies": { "split2": "^4.1.0" } }, "sha512-FdW9r/jQZhSeohs1Z3sI1yxFQNFvMcnmfuj4WBMUTxOrAyLMaTcE1aAMBiTlbMNaXvBCQuVi0R7hd8udDSP7ug=="],

    "pgsql-ast-parser": ["pgsql-ast-parser@12.0.2", "", { "dependencies": { "moo": "^0.5.1", "nearley": "^2.19.5" } }, "sha512-1WWa96Sw6h4uv9GLw98EzH/+xoBTC8j2TwV/AMW3E+Ir/fHOu/jLLbj6kPiz3y2bGISTKNYvKWwHoqvQ5FLuAw=="],

    "postgres-array": ["postgres-array@2.0.0", "", {}, "sha512-VpZrUqU5A69eQyW2c5CA1jtLecCsN2U/bD6VilrFDWq5+5UIEVO7nazS3TEcHf1zuPYO/sqGvUvW62g86RXZuA=="],

    "postgres-bytea": ["postgres-bytea@1.0.1", "", {}, "sha512-5+5HqXnsZPE65IJZSMkZtURARZelel2oXUEO8rH83VS/hxH5vv1uHquPg5wZs8yMAfdv971IU+kcPUczi7NVBQ=="],

    "postgres-date": ["postgres-date@1.0.7", "", {}, "sha512-suDmjLVQg78nMK2UZ454hAG+OAW+HQPZ6n++TNDUX+L0+uUlLywnoxJKDou51Zm+zTCjrCl0Nq6J9C5hP9vK/Q=="],

    "postgres-interval": ["postgres-interval@1.2.0", "", { "dependencies": { "xtend": "^4.0.0" } }, "sha512-9ZhXKM/rw350N1ovuWHbGxnGh/SNJ4cnxHiM0rxE4VN41wsg8P8zWn9hv/buK00RP4WvlOyr/RBDiptyxVbkZQ=="],

    "railroad-diagrams": ["railroad-diagrams@1.0.0", "", {}, "sha512-cz93DjNeLY0idrCNOH6PviZGRN9GJhsdm9hpn1YCS879fj4W+x5IFJhhkRZcwVgMmFF7R82UA/7Oh+R8lLZg6A=="],

    "railway": ["railway@3.11.0", "", { "dependencies": { "@graphql-typed-document-node/core": "^3.2.0", "graphql": "^16.10.0", "tsx": "^4.20.0" }, "bin": { "railway-iac-ts": "dist/iac/bin.js" } }, "sha512-ehLFHCxV+gITWeBlIVaXulXaVRg4LCxqm0bq64iXSwYL1DESd0pUeLYMP/BMBhnZWeFFBYyJCREaq+Nka7Wgmw=="],

    "randexp": ["randexp@0.4.6", "", { "dependencies": { "discontinuous-range": "1.0.0", "ret": "~0.1.10" } }, "sha512-80WNmd9DA0tmZrw9qQa62GPPWfuXJknrmVmLcxvq4uZBdYqb1wYoKTmnlGUchvVWe0XiLupYkBoXVOxz3C8DYQ=="],

    "ret": ["ret@0.1.15", "", {}, "sha512-TTlYpa+OL+vMMNG24xSlQGEJ3B/RzEfUlLct7b5G/ytav+wPrplCpVMFuwzXbkecJrb6IYo1iFb0S9v37754mg=="],

    "set-function-length": ["set-function-length@1.2.2", "", { "dependencies": { "define-data-property": "^1.1.4", "es-errors": "^1.3.0", "function-bind": "^1.1.2", "get-intrinsic": "^1.2.4", "gopd": "^1.0.1", "has-property-descriptors": "^1.0.2" } }, "sha512-pgRc4hJ4/sNjWCSS9AmnS40x3bNMDTknHgL5UaMBTMyJnU90EgWh1Rz+MC9eFu4BuN/UwZjKQuY/1v3rM7HMfg=="],

    "split2": ["split2@4.2.0", "", {}, "sha512-UcjcJOWknrNkF6PLX83qcHM6KHgVKNkV62Y8a5uYDVv9ydGQVwAHMKqHdJje1VTWpljG0WYpCDhrCdAOYH4TWg=="],

    "ts-mixer": ["ts-mixer@6.0.4", "", {}, "sha512-ufKpbmrugz5Aou4wcr5Wc1UUFWOLhq+Fm6qa6P0w0K5Qw2yhaUoiWszhCVuNQyNwrlGiscHOmqYoAox1PtvgjA=="],

    "tslib": ["tslib@2.8.1", "", {}, "sha512-oJFu94HQb+KVduSUQL7wnpmqnfmLsOA/nAh6b6EH0wCEoK0/mPeXU6c3wKDV83MkOuHPRHtSXKKU99IBazS/2w=="],

    "tsx": ["tsx@4.23.13", "", { "dependencies": { "esbuild": "~0.28.0" }, "optionalDependencies": { "fsevents": "~2.3.3" }, "bin": { "tsx": "dist/cli.mjs" } }, "sha512-BL5MGkRln6aDYhb0xbQlEAGw743BaZYWdbWtdJOBriYJboKgUUYCadFp2/FpBBZquBC/ezNBn7wMMPx7FDZUDw=="],

    "typescript": ["typescript@5.9.3", "", { "bin": { "tsc": "bin/tsc", "tsserver": "bin/tsserver" } }, "sha512-jl1vZzPDinLr9eUt3J/t7V6FgNEw9QjvBPdysz9KfQDD41fQrC2Y4vKQdiaUpFT4bXlb1RHhLpp8wtm6M5TgSw=="],

    "undici": ["undici@6.28.1", "", {}, "sha512-zWpdTVD54H48CIybL0rWQ3ukpb9d23wM7eH5RtfdmeP70cWHNjtfo7P4vZX+5CoDcO53J4Pu5uXp7lNfjc6DRA=="],

    "undici-types": ["undici-types@8.9.0", "", {}, "sha512-KTDyRTYX8sWmKXAikPHHSyc63CRPETMctyjKFupcC6OBLXT3xsN0e9aF7m+mIXutFWpUXuedtowG7iLOzp0kQg=="],

    "ws": ["ws@8.21.3", "", { "peerDependencies": { "bufferutil": "^4.0.1", "utf-8-validate": ">=5.0.2" }, "optionalPeers": ["bufferutil", "utf-8-validate"] }, "sha512-201TZ/kPWxoPr/OKWjquZR1SWKXcvxdH+e1xrx89b3YbmzLMFCLfnaG1HFIgWzJOEWZ7MvpK++odZufgYR50Rw=="],

    "xtend": ["xtend@4.0.2", "", {}, "sha512-LKYU1iAXJXUgAXn9URjiu+MWhyUXHsvfp7mcuYm9dSUKK0/CjtrUwFAxD82/mCWbtLsGjFIad0wIsod4zrTAEQ=="],

    "yallist": ["yallist@4.0.0", "", {}, "sha512-3wdGidZyq5PB084XLES5TpOSRA3wjXAlIWMhum2kRcv/41Sn2emQ0dycQW4uZXLejwKvg6EsvbdlVL+FYEct7A=="],

    "@discordjs/rest/@discordjs/collection": ["@discordjs/collection@2.1.1", "", {}, "sha512-LiSusze9Tc7qF03sLCujF5iZp7K+vRNEDBZ86FT9aQAv3vxMLihUvKvpsCWiQ2DJq1tVckopKm1rxomgNUc9hg=="],

    "@discordjs/ws/@discordjs/collection": ["@discordjs/collection@2.1.1", "", {}, "sha512-LiSusze9Tc7qF03sLCujF5iZp7K+vRNEDBZ86FT9aQAv3vxMLihUvKvpsCWiQ2DJq1tVckopKm1rxomgNUc9hg=="],
  }
}
